// !$*UTF8*$!
{
	archiveVersion = 1;
	classes = {
	};
	objectVersion = 46;
	objects = {

/* Begin PBXBuildFile section */
		D26DFEED1C047FD200C735E8 /* AppDelegate.swift in Sources */ = {isa = PBXBuildFile; fileRef = D26DFEEC1C047FD200C735E8 /* AppDelegate.swift */; };
		D26DFEF21C047FD200C735E8 /* Main.storyboard in Resources */ = {isa = PBXBuildFile; fileRef = D26DFEF01C047FD200C735E8 /* Main.storyboard */; };
		D26DFEF41C047FD200C735E8 /* Assets.xcassets in Resources */ = {isa = PBXBuildFile; fileRef = D26DFEF31C047FD200C735E8 /* Assets.xcassets */; };
		D26DFEF71C047FD200C735E8 /* LaunchScreen.storyboard in Resources */ = {isa = PBXBuildFile; fileRef = D26DFEF51C047FD200C735E8 /* LaunchScreen.storyboard */; };
		D26DFF021C047FD200C735E8 /* PruebaIOSGrabityTests.swift in Sources */ = {isa = PBXBuildFile; fileRef = D26DFF011C047FD200C735E8 /* PruebaIOSGrabityTests.swift */; };
		D26DFF0D1C047FD200C735E8 /* PruebaIOSGrabityUITests.swift in Sources */ = {isa = PBXBuildFile; fileRef = D26DFF0C1C047FD200C735E8 /* PruebaIOSGrabityUITests.swift */; };
		D26DFF221C04814500C735E8 /* User.png in Resources */ = {isa = PBXBuildFile; fileRef = D26DFF211C04814500C735E8 /* User.png */; };
		D26DFF241C0482A300C735E8 /* config.png in Resources */ = {isa = PBXBuildFile; fileRef = D26DFF231C0482A300C735E8 /* config.png */; };
		D26DFF261C0482BB00C735E8 /* grability.png in Resources */ = {isa = PBXBuildFile; fileRef = D26DFF251C0482BB00C735E8 /* grability.png */; };
		D26DFF281C0482DB00C735E8 /* ic_profile.png in Resources */ = {isa = PBXBuildFile; fileRef = D26DFF271C0482DB00C735E8 /* ic_profile.png */; };
		D26DFF2D1C0489BC00C735E8 /* ListaTableViewController.swift in Sources */ = {isa = PBXBuildFile; fileRef = D26DFF2C1C0489BC00C735E8 /* ListaTableViewController.swift */; };
		D26DFF861C0573C900C735E8 /* StringExtension.swift in Sources */ = {isa = PBXBuildFile; fileRef = D26DFF831C0573C900C735E8 /* StringExtension.swift */; };
		D26DFF871C0573C900C735E8 /* UITableViewExtension.swift in Sources */ = {isa = PBXBuildFile; fileRef = D26DFF841C0573C900C735E8 /* UITableViewExtension.swift */; };
		D26DFF881C0573C900C735E8 /* UIViewControllerExtension.swift in Sources */ = {isa = PBXBuildFile; fileRef = D26DFF851C0573C900C735E8 /* UIViewControllerExtension.swift */; };
		D26DFF8A1C05743C00C735E8 /* MasterViewController.swift in Sources */ = {isa = PBXBuildFile; fileRef = D26DFF891C05743C00C735E8 /* MasterViewController.swift */; };
		D26DFF8C1C0578E600C735E8 /* SlideMenuController.swift in Sources */ = {isa = PBXBuildFile; fileRef = D26DFF8B1C0578E600C735E8 /* SlideMenuController.swift */; };
		D26DFF951C057AA900C735E8 /* ic_menu_black_24dp.png in Resources */ = {isa = PBXBuildFile; fileRef = D26DFF8F1C057AA900C735E8 /* ic_menu_black_24dp.png */; };
		D26DFF961C057AA900C735E8 /* ic_menu_black_24dp@2x.png in Resources */ = {isa = PBXBuildFile; fileRef = D26DFF901C057AA900C735E8 /* ic_menu_black_24dp@2x.png */; };
		D26DFF971C057AA900C735E8 /* ic_menu_black_24dp@3x.png in Resources */ = {isa = PBXBuildFile; fileRef = D26DFF911C057AA900C735E8 /* ic_menu_black_24dp@3x.png */; };
		D26DFF981C057AA900C735E8 /* ic_notifications_black_24dp.png in Resources */ = {isa = PBXBuildFile; fileRef = D26DFF921C057AA900C735E8 /* ic_notifications_black_24dp.png */; };
		D26DFF991C057AA900C735E8 /* ic_notifications_black_24dp@2x.png in Resources */ = {isa = PBXBuildFile; fileRef = D26DFF931C057AA900C735E8 /* ic_notifications_black_24dp@2x.png */; };
		D26DFF9A1C057AA900C735E8 /* ic_notifications_black_24dp@3x.png in Resources */ = {isa = PBXBuildFile; fileRef = D26DFF941C057AA900C735E8 /* ic_notifications_black_24dp@3x.png */; };
		D26DFF9E1C05810B00C735E8 /* listaizi.png in Resources */ = {isa = PBXBuildFile; fileRef = D26DFF9D1C05810B00C735E8 /* listaizi.png */; };
		D26DFFA01C0581AF00C735E8 /* GeneralViewController.swift in Sources */ = {isa = PBXBuildFile; fileRef = D26DFF9F1C0581AF00C735E8 /* GeneralViewController.swift */; };
		D26DFFA81C058B6400C735E8 /* Operation.swift in Sources */ = {isa = PBXBuildFile; fileRef = D26DFFA21C058B6400C735E8 /* Operation.swift */; };
		D26DFFA91C058B6400C735E8 /* Request.swift in Sources */ = {isa = PBXBuildFile; fileRef = D26DFFA31C058B6400C735E8 /* Request.swift */; };
		D26DFFAA1C058B6400C735E8 /* HTTPSecurity.swift in Sources */ = {isa = PBXBuildFile; fileRef = D26DFFA41C058B6400C735E8 /* HTTPSecurity.swift */; };
		D26DFFAB1C058B6400C735E8 /* StatusCode.swift in Sources */ = {isa = PBXBuildFile; fileRef = D26DFFA51C058B6400C735E8 /* StatusCode.swift */; };
		D26DFFAC1C058B6400C735E8 /* Upload.swift in Sources */ = {isa = PBXBuildFile; fileRef = D26DFFA61C058B6400C735E8 /* Upload.swift */; };
		D26DFFAE1C058C7D00C735E8 /* Respuesta.swift in Sources */ = {isa = PBXBuildFile; fileRef = D26DFFAD1C058C7D00C735E8 /* Respuesta.swift */; };
		D26DFFB01C058CB300C735E8 /* AlertaController.swift in Sources */ = {isa = PBXBuildFile; fileRef = D26DFFAF1C058CB300C735E8 /* AlertaController.swift */; };
		D26DFFB21C058D3A00C735E8 /* GlobalConstants.swift in Sources */ = {isa = PBXBuildFile; fileRef = D26DFFB11C058D3A00C735E8 /* GlobalConstants.swift */; };
		D26DFFB51C05F9F400C735E8 /* Aplicaciones.swift in Sources */ = {isa = PBXBuildFile; fileRef = D26DFFB41C05F9F400C735E8 /* Aplicaciones.swift */; };
		D26DFFB81C063A9100C735E8 /* MemCashe.swift in Sources */ = {isa = PBXBuildFile; fileRef = D26DFFB71C063A9100C735E8 /* MemCashe.swift */; };
		D26DFFBD1C0649BA00C735E8 /* ListaCellController.swift in Sources */ = {isa = PBXBuildFile; fileRef = D26DFFBC1C0649BA00C735E8 /* ListaCellController.swift */; };
		D26DFFC01C06A93B00C735E8 /* Reachability.swift in Sources */ = {isa = PBXBuildFile; fileRef = D26DFFBF1C06A93B00C735E8 /* Reachability.swift */; };
		D26DFFC21C06BB5300C735E8 /* DetallesViewController.swift in Sources */ = {isa = PBXBuildFile; fileRef = D26DFFC11C06BB5300C735E8 /* DetallesViewController.swift */; };
		D26DFFC61C06E08800C735E8 /* GrillaCollectionViewController.swift in Sources */ = {isa = PBXBuildFile; fileRef = D26DFFC51C06E08800C735E8 /* GrillaCollectionViewController.swift */; };
		D26DFFC81C06E2B100C735E8 /* GrillaCellController.swift in Sources */ = {isa = PBXBuildFile; fileRef = D26DFFC71C06E2B100C735E8 /* GrillaCellController.swift */; };
/* End PBXBuildFile section */

/* Begin PBXContainerItemProxy section */
		D26DFEFE1C047FD200C735E8 /* PBXContainerItemProxy */ = {
			isa = PBXContainerItemProxy;
			containerPortal = D26DFEE11C047FD200C735E8 /* Project object */;
			proxyType = 1;
			remoteGlobalIDString = D26DFEE81C047FD200C735E8;
			remoteInfo = PruebaIOSGrabity;
		};
		D26DFF091C047FD200C735E8 /* PBXContainerItemProxy */ = {
			isa = PBXContainerItemProxy;
			containerPortal = D26DFEE11C047FD200C735E8 /* Project object */;
			proxyType = 1;
			remoteGlobalIDString = D26DFEE81C047FD200C735E8;
			remoteInfo = PruebaIOSGrabity;
		};
/* End PBXContainerItemProxy section */

/* Begin PBXFileReference section */
		D26DFEE91C047FD200C735E8 /* PruebaIOSGrabity.app */ = {isa = PBXFileReference; explicitFileType = wrapper.application; includeInIndex = 0; path = PruebaIOSGrabity.app; sourceTree = BUILT_PRODUCTS_DIR; };
		D26DFEEC1C047FD200C735E8 /* AppDelegate.swift */ = {isa = PBXFileReference; lastKnownFileType = sourcecode.swift; path = AppDelegate.swift; sourceTree = "<group>"; };
		D26DFEF11C047FD200C735E8 /* Base */ = {isa = PBXFileReference; lastKnownFileType = file.storyboard; name = Base; path = Base.lproj/Main.storyboard; sourceTree = "<group>"; };
		D26DFEF31C047FD200C735E8 /* Assets.xcassets */ = {isa = PBXFileReference; lastKnownFileType = folder.assetcatalog; path = Assets.xcassets; sourceTree = "<group>"; };
		D26DFEF61C047FD200C735E8 /* Base */ = {isa = PBXFileReference; lastKnownFileType = file.storyboard; name = Base; path = Base.lproj/LaunchScreen.storyboard; sourceTree = "<group>"; };
		D26DFEF81C047FD200C735E8 /* Info.plist */ = {isa = PBXFileReference; lastKnownFileType = text.plist.xml; path = Info.plist; sourceTree = "<group>"; };
		D26DFEFD1C047FD200C735E8 /* PruebaIOSGrabityTests.xctest */ = {isa = PBXFileReference; explicitFileType = wrapper.cfbundle; includeInIndex = 0; path = PruebaIOSGrabityTests.xctest; sourceTree = BUILT_PRODUCTS_DIR; };
		D26DFF011C047FD200C735E8 /* PruebaIOSGrabityTests.swift */ = {isa = PBXFileReference; lastKnownFileType = sourcecode.swift; path = PruebaIOSGrabityTests.swift; sourceTree = "<group>"; };
		D26DFF031C047FD200C735E8 /* Info.plist */ = {isa = PBXFileReference; lastKnownFileType = text.plist.xml; path = Info.plist; sourceTree = "<group>"; };
		D26DFF081C047FD200C735E8 /* PruebaIOSGrabityUITests.xctest */ = {isa = PBXFileReference; explicitFileType = wrapper.cfbundle; includeInIndex = 0; path = PruebaIOSGrabityUITests.xctest; sourceTree = BUILT_PRODUCTS_DIR; };
		D26DFF0C1C047FD200C735E8 /* PruebaIOSGrabityUITests.swift */ = {isa = PBXFileReference; lastKnownFileType = sourcecode.swift; path = PruebaIOSGrabityUITests.swift; sourceTree = "<group>"; };
		D26DFF0E1C047FD200C735E8 /* Info.plist */ = {isa = PBXFileReference; lastKnownFileType = text.plist.xml; path = Info.plist; sourceTree = "<group>"; };
		D26DFF211C04814500C735E8 /* User.png */ = {isa = PBXFileReference; lastKnownFileType = image.png; path = User.png; sourceTree = "<group>"; };
		D26DFF231C0482A300C735E8 /* config.png */ = {isa = PBXFileReference; lastKnownFileType = image.png; path = config.png; sourceTree = "<group>"; };
		D26DFF251C0482BB00C735E8 /* grability.png */ = {isa = PBXFileReference; lastKnownFileType = image.png; path = grability.png; sourceTree = "<group>"; };
		D26DFF271C0482DB00C735E8 /* ic_profile.png */ = {isa = PBXFileReference; lastKnownFileType = image.png; path = ic_profile.png; sourceTree = "<group>"; };
		D26DFF2C1C0489BC00C735E8 /* ListaTableViewController.swift */ = {isa = PBXFileReference; fileEncoding = 4; lastKnownFileType = sourcecode.swift; path = ListaTableViewController.swift; sourceTree = "<group>"; };
		D26DFF831C0573C900C735E8 /* StringExtension.swift */ = {isa = PBXFileReference; fileEncoding = 4; lastKnownFileType = sourcecode.swift; path = StringExtension.swift; sourceTree = "<group>"; };
		D26DFF841C0573C900C735E8 /* UITableViewExtension.swift */ = {isa = PBXFileReference; fileEncoding = 4; lastKnownFileType = sourcecode.swift; path = UITableViewExtension.swift; sourceTree = "<group>"; };
		D26DFF851C0573C900C735E8 /* UIViewControllerExtension.swift */ = {isa = PBXFileReference; fileEncoding = 4; lastKnownFileType = sourcecode.swift; path = UIViewControllerExtension.swift; sourceTree = "<group>"; };
		D26DFF891C05743C00C735E8 /* MasterViewController.swift */ = {isa = PBXFileReference; fileEncoding = 4; lastKnownFileType = sourcecode.swift; path = MasterViewController.swift; sourceTree = "<group>"; };
		D26DFF8B1C0578E600C735E8 /* SlideMenuController.swift */ = {isa = PBXFileReference; fileEncoding = 4; lastKnownFileType = sourcecode.swift; path = SlideMenuController.swift; sourceTree = "<group>"; };
		D26DFF8F1C057AA900C735E8 /* ic_menu_black_24dp.png */ = {isa = PBXFileReference; lastKnownFileType = image.png; path = ic_menu_black_24dp.png; sourceTree = "<group>"; };
		D26DFF901C057AA900C735E8 /* ic_menu_black_24dp@2x.png */ = {isa = PBXFileReference; lastKnownFileType = image.png; path = "ic_menu_black_24dp@2x.png"; sourceTree = "<group>"; };
		D26DFF911C057AA900C735E8 /* ic_menu_black_24dp@3x.png */ = {isa = PBXFileReference; lastKnownFileType = image.png; path = "ic_menu_black_24dp@3x.png"; sourceTree = "<group>"; };
		D26DFF921C057AA900C735E8 /* ic_notifications_black_24dp.png */ = {isa = PBXFileReference; lastKnownFileType = image.png; path = ic_notifications_black_24dp.png; sourceTree = "<group>"; };
		D26DFF931C057AA900C735E8 /* ic_notifications_black_24dp@2x.png */ = {isa = PBXFileReference; lastKnownFileType = image.png; path = "ic_notifications_black_24dp@2x.png"; sourceTree = "<group>"; };
		D26DFF941C057AA900C735E8 /* ic_notifications_black_24dp@3x.png */ = {isa = PBXFileReference; lastKnownFileType = image.png; path = "ic_notifications_black_24dp@3x.png"; sourceTree = "<group>"; };
		D26DFF9D1C05810B00C735E8 /* listaizi.png */ = {isa = PBXFileReference; lastKnownFileType = image.png; path = listaizi.png; sourceTree = "<group>"; };
		D26DFF9F1C0581AF00C735E8 /* GeneralViewController.swift */ = {isa = PBXFileReference; fileEncoding = 4; lastKnownFileType = sourcecode.swift; path = GeneralViewController.swift; sourceTree = "<group>"; };
		D26DFFA21C058B6400C735E8 /* Operation.swift */ = {isa = PBXFileReference; fileEncoding = 4; lastKnownFileType = sourcecode.swift; path = Operation.swift; sourceTree = "<group>"; };
		D26DFFA31C058B6400C735E8 /* Request.swift */ = {isa = PBXFileReference; fileEncoding = 4; lastKnownFileType = sourcecode.swift; path = Request.swift; sourceTree = "<group>"; };
		D26DFFA41C058B6400C735E8 /* HTTPSecurity.swift */ = {isa = PBXFileReference; fileEncoding = 4; lastKnownFileType = sourcecode.swift; path = HTTPSecurity.swift; sourceTree = "<group>"; };
		D26DFFA51C058B6400C735E8 /* StatusCode.swift */ = {isa = PBXFileReference; fileEncoding = 4; lastKnownFileType = sourcecode.swift; path = StatusCode.swift; sourceTree = "<group>"; };
		D26DFFA61C058B6400C735E8 /* Upload.swift */ = {isa = PBXFileReference; fileEncoding = 4; lastKnownFileType = sourcecode.swift; path = Upload.swift; sourceTree = "<group>"; };
		D26DFFA71C058B6400C735E8 /* SwiftHTTP.h */ = {isa = PBXFileReference; fileEncoding = 4; lastKnownFileType = sourcecode.c.h; path = SwiftHTTP.h; sourceTree = "<group>"; };
		D26DFFAD1C058C7D00C735E8 /* Respuesta.swift */ = {isa = PBXFileReference; fileEncoding = 4; lastKnownFileType = sourcecode.swift; path = Respuesta.swift; sourceTree = "<group>"; };
		D26DFFAF1C058CB300C735E8 /* AlertaController.swift */ = {isa = PBXFileReference; fileEncoding = 4; lastKnownFileType = sourcecode.swift; path = AlertaController.swift; sourceTree = "<group>"; };
		D26DFFB11C058D3A00C735E8 /* GlobalConstants.swift */ = {isa = PBXFileReference; fileEncoding = 4; lastKnownFileType = sourcecode.swift; path = GlobalConstants.swift; sourceTree = "<group>"; };
		D26DFFB41C05F9F400C735E8 /* Aplicaciones.swift */ = {isa = PBXFileReference; fileEncoding = 4; lastKnownFileType = sourcecode.swift; path = Aplicaciones.swift; sourceTree = "<group>"; };
		D26DFFB71C063A9100C735E8 /* MemCashe.swift */ = {isa = PBXFileReference; fileEncoding = 4; lastKnownFileType = sourcecode.swift; path = MemCashe.swift; sourceTree = "<group>"; };
		D26DFFBC1C0649BA00C735E8 /* ListaCellController.swift */ = {isa = PBXFileReference; fileEncoding = 4; lastKnownFileType = sourcecode.swift; path = ListaCellController.swift; sourceTree = "<group>"; };
		D26DFFBF1C06A93B00C735E8 /* Reachability.swift */ = {isa = PBXFileReference; fileEncoding = 4; lastKnownFileType = sourcecode.swift; path = Reachability.swift; sourceTree = "<group>"; };
		D26DFFC11C06BB5300C735E8 /* DetallesViewController.swift */ = {isa = PBXFileReference; fileEncoding = 4; lastKnownFileType = sourcecode.swift; path = DetallesViewController.swift; sourceTree = "<group>"; };
		D26DFFC51C06E08800C735E8 /* GrillaCollectionViewController.swift */ = {isa = PBXFileReference; fileEncoding = 4; lastKnownFileType = sourcecode.swift; path = GrillaCollectionViewController.swift; sourceTree = "<group>"; };
		D26DFFC71C06E2B100C735E8 /* GrillaCellController.swift */ = {isa = PBXFileReference; fileEncoding = 4; lastKnownFileType = sourcecode.swift; path = GrillaCellController.swift; sourceTree = "<group>"; };
/* End PBXFileReference section */

/* Begin PBXFrameworksBuildPhase section */
		D26DFEE61C047FD200C735E8 /* Frameworks */ = {
			isa = PBXFrameworksBuildPhase;
			buildActionMask = 2147483647;
			files = (
			);
			runOnlyForDeploymentPostprocessing = 0;
		};
		D26DFEFA1C047FD200C735E8 /* Frameworks */ = {
			isa = PBXFrameworksBuildPhase;
			buildActionMask = 2147483647;
			files = (
			);
			runOnlyForDeploymentPostprocessing = 0;
		};
		D26DFF051C047FD200C735E8 /* Frameworks */ = {
			isa = PBXFrameworksBuildPhase;
			buildActionMask = 2147483647;
			files = (
			);
			runOnlyForDeploymentPostprocessing = 0;
		};
/* End PBXFrameworksBuildPhase section */

/* Begin PBXGroup section */
		D26DFEE01C047FD200C735E8 = {
			isa = PBXGroup;
			children = (
				D26DFEEB1C047FD200C735E8 /* PruebaIOSGrabity */,
				D26DFF001C047FD200C735E8 /* PruebaIOSGrabityTests */,
				D26DFF0B1C047FD200C735E8 /* PruebaIOSGrabityUITests */,
				D26DFEEA1C047FD200C735E8 /* Products */,
			);
			sourceTree = "<group>";
		};
		D26DFEEA1C047FD200C735E8 /* Products */ = {
			isa = PBXGroup;
			children = (
				D26DFEE91C047FD200C735E8 /* PruebaIOSGrabity.app */,
				D26DFEFD1C047FD200C735E8 /* PruebaIOSGrabityTests.xctest */,
				D26DFF081C047FD200C735E8 /* PruebaIOSGrabityUITests.xctest */,
			);
			name = Products;
			sourceTree = "<group>";
		};
		D26DFEEB1C047FD200C735E8 /* PruebaIOSGrabity */ = {
			isa = PBXGroup;
			children = (
				D26DFFBE1C06A91D00C735E8 /* Check Internet */,
				D26DFFB91C063AE600C735E8 /* Views */,
				D26DFFB61C05FA0A00C735E8 /* Supporting Files */,
				D26DFFB31C05F75200C735E8 /* Objects */,
				D26DFF2B1C04896800C735E8 /* Controllers */,
				D26DFF201C04812300C735E8 /* Images */,
				D26DFF1B1C04808900C735E8 /* Utils */,
				D26DFEEC1C047FD200C735E8 /* AppDelegate.swift */,
				D26DFEF31C047FD200C735E8 /* Assets.xcassets */,
				D26DFEF51C047FD200C735E8 /* LaunchScreen.storyboard */,
				D26DFEF81C047FD200C735E8 /* Info.plist */,
			);
			path = PruebaIOSGrabity;
			sourceTree = "<group>";
		};
		D26DFF001C047FD200C735E8 /* PruebaIOSGrabityTests */ = {
			isa = PBXGroup;
			children = (
				D26DFF011C047FD200C735E8 /* PruebaIOSGrabityTests.swift */,
				D26DFF031C047FD200C735E8 /* Info.plist */,
			);
			path = PruebaIOSGrabityTests;
			sourceTree = "<group>";
		};
		D26DFF0B1C047FD200C735E8 /* PruebaIOSGrabityUITests */ = {
			isa = PBXGroup;
			children = (
				D26DFF0C1C047FD200C735E8 /* PruebaIOSGrabityUITests.swift */,
				D26DFF0E1C047FD200C735E8 /* Info.plist */,
			);
			path = PruebaIOSGrabityUITests;
			sourceTree = "<group>";
		};
		D26DFF1B1C04808900C735E8 /* Utils */ = {
			isa = PBXGroup;
			children = (
				D26DFF781C0570FE00C735E8 /* SlideMenu */,
				D26DFFA11C058B5700C735E8 /* HttpSwift */,
				D26DFFB71C063A9100C735E8 /* MemCashe.swift */,
				D26DFF301C04900500C735E8 /* Extension */,
			);
			name = Utils;
			sourceTree = "<group>";
		};
		D26DFF201C04812300C735E8 /* Images */ = {
			isa = PBXGroup;
			children = (
				D26DFF9D1C05810B00C735E8 /* listaizi.png */,
				D26DFF8F1C057AA900C735E8 /* ic_menu_black_24dp.png */,
				D26DFF901C057AA900C735E8 /* ic_menu_black_24dp@2x.png */,
				D26DFF911C057AA900C735E8 /* ic_menu_black_24dp@3x.png */,
				D26DFF921C057AA900C735E8 /* ic_notifications_black_24dp.png */,
				D26DFF931C057AA900C735E8 /* ic_notifications_black_24dp@2x.png */,
				D26DFF941C057AA900C735E8 /* ic_notifications_black_24dp@3x.png */,
				D26DFF271C0482DB00C735E8 /* ic_profile.png */,
				D26DFF251C0482BB00C735E8 /* grability.png */,
				D26DFF231C0482A300C735E8 /* config.png */,
				D26DFF211C04814500C735E8 /* User.png */,
			);
			name = Images;
			sourceTree = "<group>";
		};
		D26DFF2B1C04896800C735E8 /* Controllers */ = {
			isa = PBXGroup;
			children = (
				D26DFFC41C06E04500C735E8 /* Ipad */,
				D26DFFC31C06E01400C735E8 /* Iphone */,
				D26DFF9F1C0581AF00C735E8 /* GeneralViewController.swift */,
				D26DFFC11C06BB5300C735E8 /* DetallesViewController.swift */,
				D26DFF891C05743C00C735E8 /* MasterViewController.swift */,
			);
			name = Controllers;
			sourceTree = "<group>";
		};
		D26DFF301C04900500C735E8 /* Extension */ = {
			isa = PBXGroup;
			children = (
				D26DFF831C0573C900C735E8 /* StringExtension.swift */,
				D26DFF841C0573C900C735E8 /* UITableViewExtension.swift */,
				D26DFF851C0573C900C735E8 /* UIViewControllerExtension.swift */,
			);
			name = Extension;
			sourceTree = "<group>";
		};
		D26DFF781C0570FE00C735E8 /* SlideMenu */ = {
			isa = PBXGroup;
			children = (
				D26DFF8B1C0578E600C735E8 /* SlideMenuController.swift */,
			);
			name = SlideMenu;
			sourceTree = "<group>";
		};
		D26DFFA11C058B5700C735E8 /* HttpSwift */ = {
			isa = PBXGroup;
			children = (
				D26DFFAF1C058CB300C735E8 /* AlertaController.swift */,
				D26DFFA21C058B6400C735E8 /* Operation.swift */,
				D26DFFA31C058B6400C735E8 /* Request.swift */,
				D26DFFA41C058B6400C735E8 /* HTTPSecurity.swift */,
				D26DFFA51C058B6400C735E8 /* StatusCode.swift */,
				D26DFFA61C058B6400C735E8 /* Upload.swift */,
				D26DFFA71C058B6400C735E8 /* SwiftHTTP.h */,
			);
			name = HttpSwift;
			sourceTree = "<group>";
		};
		D26DFFB31C05F75200C735E8 /* Objects */ = {
			isa = PBXGroup;
			children = (
				D26DFFAD1C058C7D00C735E8 /* Respuesta.swift */,
				D26DFFB41C05F9F400C735E8 /* Aplicaciones.swift */,
			);
			name = Objects;
			sourceTree = "<group>";
		};
		D26DFFB61C05FA0A00C735E8 /* Supporting Files */ = {
			isa = PBXGroup;
			children = (
				D26DFFB11C058D3A00C735E8 /* GlobalConstants.swift */,
			);
			name = "Supporting Files";
			sourceTree = "<group>";
		};
		D26DFFB91C063AE600C735E8 /* Views */ = {
			isa = PBXGroup;
			children = (
				D26DFEF01C047FD200C735E8 /* Main.storyboard */,
			);
			name = Views;
			sourceTree = "<group>";
		};
		D26DFFBE1C06A91D00C735E8 /* Check Internet */ = {
			isa = PBXGroup;
			children = (
				D26DFFBF1C06A93B00C735E8 /* Reachability.swift */,
			);
			name = "Check Internet";
			sourceTree = "<group>";
		};
		D26DFFC31C06E01400C735E8 /* Iphone */ = {
			isa = PBXGroup;
			children = (
				D26DFF2C1C0489BC00C735E8 /* ListaTableViewController.swift */,
				D26DFFBC1C0649BA00C735E8 /* ListaCellController.swift */,
			);
			name = Iphone;
			sourceTree = "<group>";
		};
		D26DFFC41C06E04500C735E8 /* Ipad */ = {
			isa = PBXGroup;
			children = (
				D26DFFC51C06E08800C735E8 /* GrillaCollectionViewController.swift */,
				D26DFFC71C06E2B100C735E8 /* GrillaCellController.swift */,
			);
			name = Ipad;
			sourceTree = "<group>";
		};
/* End PBXGroup section */

/* Begin PBXNativeTarget section */
		D26DFEE81C047FD200C735E8 /* PruebaIOSGrabity */ = {
			isa = PBXNativeTarget;
			buildConfigurationList = D26DFF111C047FD200C735E8 /* Build configuration list for PBXNativeTarget "PruebaIOSGrabity" */;
			buildPhases = (
				D26DFEE51C047FD200C735E8 /* Sources */,
				D26DFEE61C047FD200C735E8 /* Frameworks */,
				D26DFEE71C047FD200C735E8 /* Resources */,
			);
			buildRules = (
			);
			dependencies = (
			);
			name = PruebaIOSGrabity;
			productName = PruebaIOSGrabity;
			productReference = D26DFEE91C047FD200C735E8 /* PruebaIOSGrabity.app */;
			productType = "com.apple.product-type.application";
		};
		D26DFEFC1C047FD200C735E8 /* PruebaIOSGrabityTests */ = {
			isa = PBXNativeTarget;
			buildConfigurationList = D26DFF141C047FD200C735E8 /* Build configuration list for PBXNativeTarget "PruebaIOSGrabityTests" */;
			buildPhases = (
				D26DFEF91C047FD200C735E8 /* Sources */,
				D26DFEFA1C047FD200C735E8 /* Frameworks */,
				D26DFEFB1C047FD200C735E8 /* Resources */,
			);
			buildRules = (
			);
			dependencies = (
				D26DFEFF1C047FD200C735E8 /* PBXTargetDependency */,
			);
			name = PruebaIOSGrabityTests;
			productName = PruebaIOSGrabityTests;
			productReference = D26DFEFD1C047FD200C735E8 /* PruebaIOSGrabityTests.xctest */;
			productType = "com.apple.product-type.bundle.unit-test";
		};
		D26DFF071C047FD200C735E8 /* PruebaIOSGrabityUITests */ = {
			isa = PBXNativeTarget;
			buildConfigurationList = D26DFF171C047FD200C735E8 /* Build configuration list for PBXNativeTarget "PruebaIOSGrabityUITests" */;
			buildPhases = (
				D26DFF041C047FD200C735E8 /* Sources */,
				D26DFF051C047FD200C735E8 /* Frameworks */,
				D26DFF061C047FD200C735E8 /* Resources */,
			);
			buildRules = (
			);
			dependencies = (
				D26DFF0A1C047FD200C735E8 /* PBXTargetDependency */,
			);
			name = PruebaIOSGrabityUITests;
			productName = PruebaIOSGrabityUITests;
			productReference = D26DFF081C047FD200C735E8 /* PruebaIOSGrabityUITests.xctest */;
			productType = "com.apple.product-type.bundle.ui-testing";
		};
/* End PBXNativeTarget section */

/* Begin PBXProject section */
		D26DFEE11C047FD200C735E8 /* Project object */ = {
			isa = PBXProject;
			attributes = {
				LastSwiftUpdateCheck = 0710;
				LastUpgradeCheck = 0710;
				ORGANIZATIONNAME = "Pedro Alonso Daza Balaguera";
				TargetAttributes = {
					D26DFEE81C047FD200C735E8 = {
						CreatedOnToolsVersion = 7.1;
					};
					D26DFEFC1C047FD200C735E8 = {
						CreatedOnToolsVersion = 7.1;
						TestTargetID = D26DFEE81C047FD200C735E8;
					};
					D26DFF071C047FD200C735E8 = {
						CreatedOnToolsVersion = 7.1;
						TestTargetID = D26DFEE81C047FD200C735E8;
					};
				};
			};
			buildConfigurationList = D26DFEE41C047FD200C735E8 /* Build configuration list for PBXProject "PruebaIOSGrabity" */;
			compatibilityVersion = "Xcode 3.2";
			developmentRegion = English;
			hasScannedForEncodings = 0;
			knownRegions = (
				en,
				Base,
			);
			mainGroup = D26DFEE01C047FD200C735E8;
			productRefGroup = D26DFEEA1C047FD200C735E8 /* Products */;
			projectDirPath = "";
			projectRoot = "";
			targets = (
				D26DFEE81C047FD200C735E8 /* PruebaIOSGrabity */,
				D26DFEFC1C047FD200C735E8 /* PruebaIOSGrabityTests */,
				D26DFF071C047FD200C735E8 /* PruebaIOSGrabityUITests */,
			);
		};
/* End PBXProject section */

/* Begin PBXResourcesBuildPhase section */
		D26DFEE71C047FD200C735E8 /* Resources */ = {
			isa = PBXResourcesBuildPhase;
			buildActionMask = 2147483647;
			files = (
				D26DFF991C057AA900C735E8 /* ic_notifications_black_24dp@2x.png in Resources */,
				D26DFEF71C047FD200C735E8 /* LaunchScreen.storyboard in Resources */,
				D26DFF971C057AA900C735E8 /* ic_menu_black_24dp@3x.png in Resources */,
				D26DFEF41C047FD200C735E8 /* Assets.xcassets in Resources */,
				D26DFF981C057AA900C735E8 /* ic_notifications_black_24dp.png in Resources */,
				D26DFF221C04814500C735E8 /* User.png in Resources */,
				D26DFF9E1C05810B00C735E8 /* listaizi.png in Resources */,
				D26DFEF21C047FD200C735E8 /* Main.storyboard in Resources */,
				D26DFF9A1C057AA900C735E8 /* ic_notifications_black_24dp@3x.png in Resources */,
				D26DFF961C057AA900C735E8 /* ic_menu_black_24dp@2x.png in Resources */,
				D26DFF241C0482A300C735E8 /* config.png in Resources */,
				D26DFF951C057AA900C735E8 /* ic_menu_black_24dp.png in Resources */,
				D26DFF281C0482DB00C735E8 /* ic_profile.png in Resources */,
				D26DFF261C0482BB00C735E8 /* grability.png in Resources */,
			);
			runOnlyForDeploymentPostprocessing = 0;
		};
		D26DFEFB1C047FD200C735E8 /* Resources */ = {
			isa = PBXResourcesBuildPhase;
			buildActionMask = 2147483647;
			files = (
			);
			runOnlyForDeploymentPostprocessing = 0;
		};
		D26DFF061C047FD200C735E8 /* Resources */ = {
			isa = PBXResourcesBuildPhase;
			buildActionMask = 2147483647;
			files = (
			);
			runOnlyForDeploymentPostprocessing = 0;
		};
/* End PBXResourcesBuildPhase section */

/* Begin PBXSourcesBuildPhase section */
		D26DFEE51C047FD200C735E8 /* Sources */ = {
			isa = PBXSourcesBuildPhase;
			buildActionMask = 2147483647;
			files = (
				D26DFF8A1C05743C00C735E8 /* MasterViewController.swift in Sources */,
				D26DFFC61C06E08800C735E8 /* GrillaCollectionViewController.swift in Sources */,
				D26DFF861C0573C900C735E8 /* StringExtension.swift in Sources */,
				D26DFFC21C06BB5300C735E8 /* DetallesViewController.swift in Sources */,
				D26DFFAE1C058C7D00C735E8 /* Respuesta.swift in Sources */,
				D26DFFAB1C058B6400C735E8 /* StatusCode.swift in Sources */,
				D26DFF871C0573C900C735E8 /* UITableViewExtension.swift in Sources */,
				D26DFFBD1C0649BA00C735E8 /* ListaCellController.swift in Sources */,
				D26DFFC81C06E2B100C735E8 /* GrillaCellController.swift in Sources */,
				D26DFFB51C05F9F400C735E8 /* Aplicaciones.swift in Sources */,
				D26DFFA01C0581AF00C735E8 /* GeneralViewController.swift in Sources */,
				D26DFF2D1C0489BC00C735E8 /* ListaTableViewController.swift in Sources */,
				D26DFFAC1C058B6400C735E8 /* Upload.swift in Sources */,
				D26DFFA81C058B6400C735E8 /* Operation.swift in Sources */,
				D26DFF881C0573C900C735E8 /* UIViewControllerExtension.swift in Sources */,
				D26DFFAA1C058B6400C735E8 /* HTTPSecurity.swift in Sources */,
				D26DFFC01C06A93B00C735E8 /* Reachability.swift in Sources */,
				D26DFFB81C063A9100C735E8 /* MemCashe.swift in Sources */,
				D26DFFA91C058B6400C735E8 /* Request.swift in Sources */,
				D26DFF8C1C0578E600C735E8 /* SlideMenuController.swift in Sources */,
				D26DFFB01C058CB300C735E8 /* AlertaController.swift in Sources */,
				D26DFFB21C058D3A00C735E8 /* GlobalConstants.swift in Sources */,
				D26DFEED1C047FD200C735E8 /* AppDelegate.swift in Sources */,
			);
			runOnlyForDeploymentPostprocessing = 0;
		};
		D26DFEF91C047FD200C735E8 /* Sources */ = {
			isa = PBXSourcesBuildPhase;
			buildActionMask = 2147483647;
			files = (
				D26DFF021C047FD200C735E8 /* PruebaIOSGrabityTests.swift in Sources */,
			);
			runOnlyForDeploymentPostprocessing = 0;
		};
		D26DFF041C047FD200C735E8 /* Sources */ = {
			isa = PBXSourcesBuildPhase;
			buildActionMask = 2147483647;
			files = (
				D26DFF0D1C047FD200C735E8 /* PruebaIOSGrabityUITests.swift in Sources */,
			);
			runOnlyForDeploymentPostprocessing = 0;
		};
/* End PBXSourcesBuildPhase section */

/* Begin PBXTargetDependency section */
		D26DFEFF1C047FD200C735E8 /* PBXTargetDependency */ = {
			isa = PBXTargetDependency;
			target = D26DFEE81C047FD200C735E8 /* PruebaIOSGrabity */;
			targetProxy = D26DFEFE1C047FD200C735E8 /* PBXContainerItemProxy */;
		};
		D26DFF0A1C047FD200C735E8 /* PBXTargetDependency */ = {
			isa = PBXTargetDependency;
			target = D26DFEE81C047FD200C735E8 /* PruebaIOSGrabity */;
			targetProxy = D26DFF091C047FD200C735E8 /* PBXContainerItemProxy */;
		};
/* End PBXTargetDependency section */

/* Begin PBXVariantGroup section */
		D26DFEF01C047FD200C735E8 /* Main.storyboard */ = {
			isa = PBXVariantGroup;
			children = (
				D26DFEF11C047FD200C735E8 /* Base */,
			);
			name = Main.storyboard;
			sourceTree = "<group>";
		};
		D26DFEF51C047FD200C735E8 /* LaunchScreen.storyboard */ = {
			isa = PBXVariantGroup;
			children = (
				D26DFEF61C047FD200C735E8 /* Base */,
			);
			name = LaunchScreen.storyboard;
			sourceTree = "<group>";
		};
/* End PBXVariantGroup section */

/* Begin XCBuildConfiguration section */
		D26DFF0F1C047FD200C735E8 /* Debug */ = {
			isa = XCBuildConfiguration;
			buildSettings = {
				ALWAYS_SEARCH_USER_PATHS = NO;
				CLANG_CXX_LANGUAGE_STANDARD = "gnu++0x";
				CLANG_CXX_LIBRARY = "libc++";
				CLANG_ENABLE_MODULES = YES;
				CLANG_ENABLE_OBJC_ARC = YES;
				CLANG_WARN_BOOL_CONVERSION = YES;
				CLANG_WARN_CONSTANT_CONVERSION = YES;
				CLANG_WARN_DIRECT_OBJC_ISA_USAGE = YES_ERROR;
				CLANG_WARN_EMPTY_BODY = YES;
				CLANG_WARN_ENUM_CONVERSION = YES;
				CLANG_WARN_INT_CONVERSION = YES;
				CLANG_WARN_OBJC_ROOT_CLASS = YES_ERROR;
				CLANG_WARN_UNREACHABLE_CODE = YES;
				CLANG_WARN__DUPLICATE_METHOD_MATCH = YES;
				"CODE_SIGN_IDENTITY[sdk=iphoneos*]" = "iPhone Developer";
				COPY_PHASE_STRIP = NO;
				DEBUG_INFORMATION_FORMAT = dwarf;
				ENABLE_STRICT_OBJC_MSGSEND = YES;
				ENABLE_TESTABILITY = YES;
				GCC_C_LANGUAGE_STANDARD = gnu99;
				GCC_DYNAMIC_NO_PIC = NO;
				GCC_NO_COMMON_BLOCKS = YES;
				GCC_OPTIMIZATION_LEVEL = 0;
				GCC_PREPROCESSOR_DEFINITIONS = (
					"DEBUG=1",
					"$(inherited)",
				);
				GCC_WARN_64_TO_32_BIT_CONVERSION = YES;
				GCC_WARN_ABOUT_RETURN_TYPE = YES_ERROR;
				GCC_WARN_UNDECLARED_SELECTOR = YES;
				GCC_WARN_UNINITIALIZED_AUTOS = YES_AGGRESSIVE;
				GCC_WARN_UNUSED_FUNCTION = YES;
				GCC_WARN_UNUSED_VARIABLE = YES;
				IPHONEOS_DEPLOYMENT_TARGET = 9.1;
				MTL_ENABLE_DEBUG_INFO = YES;
				ONLY_ACTIVE_ARCH = YES;
				SDKROOT = iphoneos;
				SWIFT_OPTIMIZATION_LEVEL = "-Onone";
				TARGETED_DEVICE_FAMILY = "1,2";
			};
			name = Debug;
		};
		D26DFF101C047FD200C735E8 /* Release */ = {
			isa = XCBuildConfiguration;
			buildSettings = {
				ALWAYS_SEARCH_USER_PATHS = NO;
				CLANG_CXX_LANGUAGE_STANDARD = "gnu++0x";
				CLANG_CXX_LIBRARY = "libc++";
				CLANG_ENABLE_MODULES = YES;
				CLANG_ENABLE_OBJC_ARC = YES;
				CLANG_WARN_BOOL_CONVERSION = YES;
				CLANG_WARN_CONSTANT_CONVERSION = YES;
				CLANG_WARN_DIRECT_OBJC_ISA_USAGE = YES_ERROR;
				CLANG_WARN_EMPTY_BODY = YES;
				CLANG_WARN_ENUM_CONVERSION = YES;
				CLANG_WARN_INT_CONVERSION = YES;
				CLANG_WARN_OBJC_ROOT_CLASS = YES_ERROR;
				CLANG_WARN_UNREACHABLE_CODE = YES;
				CLANG_WARN__DUPLICATE_METHOD_MATCH = YES;
				"CODE_SIGN_IDENTITY[sdk=iphoneos*]" = "iPhone Developer";
				COPY_PHASE_STRIP = NO;
				DEBUG_INFORMATION_FORMAT = "dwarf-with-dsym";
				ENABLE_NS_ASSERTIONS = NO;
				ENABLE_STRICT_OBJC_MSGSEND = YES;
				GCC_C_LANGUAGE_STANDARD = gnu99;
				GCC_NO_COMMON_BLOCKS = YES;
				GCC_WARN_64_TO_32_BIT_CONVERSION = YES;
				GCC_WARN_ABOUT_RETURN_TYPE = YES_ERROR;
				GCC_WARN_UNDECLARED_SELECTOR = YES;
				GCC_WARN_UNINITIALIZED_AUTOS = YES_AGGRESSIVE;
				GCC_WARN_UNUSED_FUNCTION = YES;
				GCC_WARN_UNUSED_VARIABLE = YES;
				IPHONEOS_DEPLOYMENT_TARGET = 9.1;
				MTL_ENABLE_DEBUG_INFO = NO;
				SDKROOT = iphoneos;
				TARGETED_DEVICE_FAMILY = "1,2";
				VALIDATE_PRODUCT = YES;
			};
			name = Release;
		};
		D26DFF121C047FD200C735E8 /* Debug */ = {
			isa = XCBuildConfiguration;
			buildSettings = {
				ASSETCATALOG_COMPILER_APPICON_NAME = AppIcon;
				INFOPLIST_FILE = PruebaIOSGrabity/Info.plist;
				LD_RUNPATH_SEARCH_PATHS = "$(inherited) @executable_path/Frameworks";
				PRODUCT_BUNDLE_IDENTIFIER = com.pedro.PruebaIOSGrabity;
				PRODUCT_NAME = "$(TARGET_NAME)";
				TARGETED_DEVICE_FAMILY = "1,2";
			};
			name = Debug;
		};
		D26DFF131C047FD200C735E8 /* Release */ = {
			isa = XCBuildConfiguration;
			buildSettings = {
				ASSETCATALOG_COMPILER_APPICON_NAME = AppIcon;
				INFOPLIST_FILE = PruebaIOSGrabity/Info.plist;
				LD_RUNPATH_SEARCH_PATHS = "$(inherited) @executable_path/Frameworks";
				PRODUCT_BUNDLE_IDENTIFIER = com.pedro.PruebaIOSGrabity;
				PRODUCT_NAME = "$(TARGET_NAME)";
				TARGETED_DEVICE_FAMILY = "1,2";
			};
			name = Release;
		};
		D26DFF151C047FD200C735E8 /* Debug */ = {
			isa = XCBuildConfiguration;
			buildSettings = {
				BUNDLE_LOADER = "$(TEST_HOST)";
				INFOPLIST_FILE = PruebaIOSGrabityTests/Info.plist;
				LD_RUNPATH_SEARCH_PATHS = "$(inherited) @executable_path/Frameworks @loader_path/Frameworks";
				PRODUCT_BUNDLE_IDENTIFIER = com.pedro.PruebaIOSGrabityTests;
				PRODUCT_NAME = "$(TARGET_NAME)";
				TEST_HOST = "$(BUILT_PRODUCTS_DIR)/PruebaIOSGrabity.app/PruebaIOSGrabity";
			};
			name = Debug;
		};
		D26DFF161C047FD200C735E8 /* Release */ = {
			isa = XCBuildConfiguration;
			buildSettings = {
				BUNDLE_LOADER = "$(TEST_HOST)";
				INFOPLIST_FILE = PruebaIOSGrabityTests/Info.plist;
				LD_RUNPATH_SEARCH_PATHS = "$(inherited) @executable_path/Frameworks @loader_path/Frameworks";
				PRODUCT_BUNDLE_IDENTIFIER = com.pedro.PruebaIOSGrabityTests;
				PRODUCT_NAME = "$(TARGET_NAME)";
				TEST_HOST = "$(BUILT_PRODUCTS_DIR)/PruebaIOSGrabity.app/PruebaIOSGrabity";
			};
			name = Release;
		};
		D26DFF181C047FD200C735E8 /* Debug */ = {
			isa = XCBuildConfiguration;
			buildSettings = {
				INFOPLIST_FILE = PruebaIOSGrabityUITests/Info.plist;
				LD_RUNPATH_SEARCH_PATHS = "$(inherited) @executable_path/Frameworks @loader_path/Frameworks";
				PRODUCT_BUNDLE_IDENTIFIER = com.pedro.PruebaIOSGrabityUITests;
				PRODUCT_NAME = "$(TARGET_NAME)";
				TEST_TARGET_NAME = PruebaIOSGrabity;
				USES_XCTRUNNER = YES;
			};
			name = Debug;
		};
		D26DFF191C047FD200C735E8 /* Release */ = {
			isa = XCBuildConfiguration;
			buildSettings = {
				INFOPLIST_FILE = PruebaIOSGrabityUITests/Info.plist;
				LD_RUNPATH_SEARCH_PATHS = "$(inherited) @executable_path/Frameworks @loader_path/Frameworks";
				PRODUCT_BUNDLE_IDENTIFIER = com.pedro.PruebaIOSGrabityUITests;
				PRODUCT_NAME = "$(TARGET_NAME)";
				TEST_TARGET_NAME = PruebaIOSGrabity;
				USES_XCTRUNNER = YES;
			};
			name = Release;
		};
/* End XCBuildConfiguration section */

/* Begin XCConfigurationList section */
		D26DFEE41C047FD200C735E8 /* Build configuration list for PBXProject "PruebaIOSGrabity" */ = {
			isa = XCConfigurationList;
			buildConfigurations = (
				D26DFF0F1C047FD200C735E8 /* Debug */,
				D26DFF101C047FD200C735E8 /* Release */,
			);
			defaultConfigurationIsVisible = 0;
			defaultConfigurationName = Release;
		};
		D26DFF111C047FD200C735E8 /* Build configuration list for PBXNativeTarget "PruebaIOSGrabity" */ = {
			isa = XCConfigurationList;
			buildConfigurations = (
				D26DFF121C047FD200C735E8 /* Debug */,
				D26DFF131C047FD200C735E8 /* Release */,
			);
			defaultConfigurationIsVisible = 0;
		};
		D26DFF141C047FD200C735E8 /* Build configuration list for PBXNativeTarget "PruebaIOSGrabityTests" */ = {
			isa = XCConfigurationList;
			buildConfigurations = (
				D26DFF151C047FD200C735E8 /* Debug */,
				D26DFF161C047FD200C735E8 /* Release */,
			);
			defaultConfigurationIsVisible = 0;
		};
		D26DFF171C047FD200C735E8 /* Build configuration list for PBXNativeTarget "PruebaIOSGrabityUITests" */ = {
			isa = XCConfigurationList;
			buildConfigurations = (
				D26DFF181C047FD200C735E8 /* Debug */,
				D26DFF191C047FD200C735E8 /* Release */,
			);
			defaultConfigurationIsVisible = 0;
		};
/* End XCConfigurationList section */
	};
	rootObject = D26DFEE11C047FD200C735E8 /* Project object */;
}
